
Microsoft Visual Studio Solution File, Format Version 12.00
# Visual Studio Version 16
VisualStudioVersion = 16.0.29519.181
MinimumVisualStudioVersion = 10.0.40219.1
Project("{FAE04EC0-301F-11D3-BF4B-00C04F79EFBC}") = "ISSProject", "ISSProject.csproj", "{9D33DA90-3CC5-457B-B953-22BE0753C5F8}"
EndProject
Global
	GlobalSection(SolutionConfigurationPlatforms) = preSolution
		Debug|Any CPU = Debug|Any CPU
		Release|Any CPU = Release|Any CPU
	EndGlobalSection
	GlobalSection(ProjectConfigurationPlatforms) = postSolution
		{9D33DA90-3CC5-457B-B953-22BE0753C5F8}.Debug|Any CPU.ActiveCfg = Debug|Any CPU
		{9D33DA90-3CC5-457B-B953-22BE0753C5F8}.Debug|Any CPU.Build.0 = Debug|Any CPU
		{9D33DA90-3CC5-457B-B953-22BE0753C5F8}.Release|Any CPU.ActiveCfg = Release|Any CPU
		{9D33DA90-3CC5-457B-B953-22BE0753C5F8}.Release|Any CPU.Build.0 = Release|Any CPU
	EndGlobalSection
	GlobalSection(SolutionProperties) = preSolution
		HideSolutionNode = FALSE
	EndGlobalSection
	GlobalSection(ExtensibilityGlobals) = postSolution
		SolutionGuid = {9D9ACE34-CD3C-466C-9DD3-280E5ECE4C10}
	EndGlobalSection
EndGlobal
